
Microsoft Visual Studio Solution File, Format Version 12.00
# Visual Studio Version 17
VisualStudioVersion = 17.11.35312.102
MinimumVisualStudioVersion = 10.0.40219.1
Project("{2150E333-8FDC-42A3-9474-1A3956D46DE8}") = "Task0", "Task0", "{63913CA9-386F-4F2F-87D0-4F8039365B9F}"
EndProject
Project("{FAE04EC0-301F-11D3-BF4B-00C04F79EFBC}") = "Tyuiu.FamutdinovaJI.Sprint3.Task0.V28", "Tyuiu.FamutdinovaJI.Sprint3.Task0.V28\Tyuiu.FamutdinovaJI.Sprint3.Task0.V28.csproj", "{0E5BD16E-ABC3-4403-8AF5-EAC5E2F8D445}"
EndProject
Project("{FAE04EC0-301F-11D3-BF4B-00C04F79EFBC}") = "Tyuiu.FamutdinovaJI.Sprint3.Task0.V28.Lib", "Tyuiu.FamutdinovaJI.Sprint3.Task0.V28.Lib\Tyuiu.FamutdinovaJI.Sprint3.Task0.V28.Lib.csproj", "{798BD6BB-6332-4EAD-977A-857DFE6578EC}"
EndProject
Project("{FAE04EC0-301F-11D3-BF4B-00C04F79EFBC}") = "Tyuiu.FamutdinovaJI.Sprint3.Task0.V28.Test", "Tyuiu.FamutdinovaJI.Sprint3.Task0.V28.Test\Tyuiu.FamutdinovaJI.Sprint3.Task0.V28.Test.csproj", "{A7FBD2FA-DD08-4844-A131-2D384ACF3ABA}"
EndProject
Project("{2150E333-8FDC-42A3-9474-1A3956D46DE8}") = "Task1", "Task1", "{69F10A57-F30B-421C-9A6C-B0F92E083EA7}"
EndProject
Project("{FAE04EC0-301F-11D3-BF4B-00C04F79EFBC}") = "Tyuiu.FamutdinovaJI.Sprint3.Task1.V30", "Tyuiu.FamutdinovaJI.Sprint3.Task1.V30\Tyuiu.FamutdinovaJI.Sprint3.Task1.V30.csproj", "{43B23E93-1CF6-4ECD-9255-39987C1E4426}"
EndProject
Project("{FAE04EC0-301F-11D3-BF4B-00C04F79EFBC}") = "Tyuiu.FamutdinovaJI.Sprint3.Task1.V30.Lib", "Tyuiu.FamutdinovaJI.Sprint3.Task1.V30.Lib\Tyuiu.FamutdinovaJI.Sprint3.Task1.V30.Lib.csproj", "{A76D41D5-34B0-4271-8404-E3243295A46A}"
EndProject
Project("{FAE04EC0-301F-11D3-BF4B-00C04F79EFBC}") = "Tyuiu.FamutdinovaJI.Sprint3.Task1.V30.Test", "Tyuiu.FamutdinovaJI.Sprint3.Task1.V30.Test\Tyuiu.FamutdinovaJI.Sprint3.Task1.V30.Test.csproj", "{799BA0FF-2249-44A6-A15A-8245BA8A658E}"
EndProject
Project("{2150E333-8FDC-42A3-9474-1A3956D46DE8}") = "Task2", "Task2", "{663FDD6B-4763-4C2B-B7A3-CEB3FB92503B}"
EndProject
Project("{FAE04EC0-301F-11D3-BF4B-00C04F79EFBC}") = "Tyuiu.FamutdinovaJI.Sprint3.Task2.V6", "Tyuiu.FamutdinovaJI.Sprint3.Task2.V6\Tyuiu.FamutdinovaJI.Sprint3.Task2.V6.csproj", "{69AFCDDB-98F8-4DF6-8544-6F95A57B92B8}"
EndProject
Project("{FAE04EC0-301F-11D3-BF4B-00C04F79EFBC}") = "Tyuiu.FamutdinovaJI.Sprint3.Task2.V6.Lib", "Tyuiu.FamutdinovaJI.Sprint3.Task2.V6.Lib\Tyuiu.FamutdinovaJI.Sprint3.Task2.V6.Lib.csproj", "{8FF7024C-A819-475E-AC4B-A5AA4B6512D1}"
EndProject
Project("{FAE04EC0-301F-11D3-BF4B-00C04F79EFBC}") = "Tyuiu.FamutdinovaJI.Sprint3.Task2.V6.Test", "Tyuiu.FamutdinovaJI.Sprint3.Task2.V6.Test\Tyuiu.FamutdinovaJI.Sprint3.Task2.V6.Test.csproj", "{42958B9E-10F5-446F-BC13-DFC199C151CB}"
EndProject
Project("{2150E333-8FDC-42A3-9474-1A3956D46DE8}") = "Task3", "Task3", "{1AB8FF7F-4AD2-4A62-B61F-37B5C197067A}"
EndProject
Project("{FAE04EC0-301F-11D3-BF4B-00C04F79EFBC}") = "Tyuiu.FamutdinovaJI.Sprint3.Task3.V12", "Tyuiu.FamutdinovaJI.Sprint3.Task3.V12\Tyuiu.FamutdinovaJI.Sprint3.Task3.V12.csproj", "{22B046B9-995A-4F02-9192-DC48FEE33D16}"
EndProject
Project("{FAE04EC0-301F-11D3-BF4B-00C04F79EFBC}") = "Tyuiu.FamutdinovaJI.Sprint3.Task3.V12.Lib", "Tyuiu.FamutdinovaJI.Sprint3.Task3.V12.Lib\Tyuiu.FamutdinovaJI.Sprint3.Task3.V12.Lib.csproj", "{ADD2568A-8763-4221-9DE7-1ED31D425685}"
EndProject
Project("{FAE04EC0-301F-11D3-BF4B-00C04F79EFBC}") = "Tyuiu.FamutdinovaJI.Sprint3.Task3.V12.Test", "Tyuiu.FamutdinovaJI.Sprint3.Task3.V12.Test\Tyuiu.FamutdinovaJI.Sprint3.Task3.V12.Test.csproj", "{5C37186C-C31A-499F-A4F2-62C8E8A7BC3E}"
EndProject
Project("{2150E333-8FDC-42A3-9474-1A3956D46DE8}") = "Task4", "Task4", "{50E229C2-8D7B-4593-AED5-714AAE241536}"
EndProject
Project("{FAE04EC0-301F-11D3-BF4B-00C04F79EFBC}") = "Tyuiu.FamutdinovaJI.Sprint3.Task4.V6.Lib", "Tyuiu.FamutdinovaJI.Sprint3.Task4.V6.Lib\Tyuiu.FamutdinovaJI.Sprint3.Task4.V6.Lib.csproj", "{D8C876A6-5855-46AF-B731-E2687953FFE9}"
EndProject
Project("{FAE04EC0-301F-11D3-BF4B-00C04F79EFBC}") = "Tyuiu.FamutdinovaJI.Sprint3.Task4.V6.Test", "Tyuiu.FamutdinovaJI.Sprint3.Task4.V6.Test\Tyuiu.FamutdinovaJI.Sprint3.Task4.V6.Test.csproj", "{49BDDEFE-D76B-446B-B8E3-6AF18A8EFAF0}"
EndProject
Project("{FAE04EC0-301F-11D3-BF4B-00C04F79EFBC}") = "Tyuiu.FamutdinovaJI.Sprint3.Task4.V6", "Tyuiu.FamutdinovaJI.Sprint3.Task4.V6\Tyuiu.FamutdinovaJI.Sprint3.Task4.V6.csproj", "{737F8D6A-4D0D-4D9B-9B12-CAC715825A04}"
EndProject
Global
	GlobalSection(SolutionConfigurationPlatforms) = preSolution
		Debug|Any CPU = Debug|Any CPU
		Release|Any CPU = Release|Any CPU
	EndGlobalSection
	GlobalSection(ProjectConfigurationPlatforms) = postSolution
		{0E5BD16E-ABC3-4403-8AF5-EAC5E2F8D445}.Debug|Any CPU.ActiveCfg = Debug|Any CPU
		{0E5BD16E-ABC3-4403-8AF5-EAC5E2F8D445}.Debug|Any CPU.Build.0 = Debug|Any CPU
		{0E5BD16E-ABC3-4403-8AF5-EAC5E2F8D445}.Release|Any CPU.ActiveCfg = Release|Any CPU
		{0E5BD16E-ABC3-4403-8AF5-EAC5E2F8D445}.Release|Any CPU.Build.0 = Release|Any CPU
		{798BD6BB-6332-4EAD-977A-857DFE6578EC}.Debug|Any CPU.ActiveCfg = Debug|Any CPU
		{798BD6BB-6332-4EAD-977A-857DFE6578EC}.Debug|Any CPU.Build.0 = Debug|Any CPU
		{798BD6BB-6332-4EAD-977A-857DFE6578EC}.Release|Any CPU.ActiveCfg = Release|Any CPU
		{798BD6BB-6332-4EAD-977A-857DFE6578EC}.Release|Any CPU.Build.0 = Release|Any CPU
		{A7FBD2FA-DD08-4844-A131-2D384ACF3ABA}.Debug|Any CPU.ActiveCfg = Debug|Any CPU
		{A7FBD2FA-DD08-4844-A131-2D384ACF3ABA}.Debug|Any CPU.Build.0 = Debug|Any CPU
		{A7FBD2FA-DD08-4844-A131-2D384ACF3ABA}.Release|Any CPU.ActiveCfg = Release|Any CPU
		{A7FBD2FA-DD08-4844-A131-2D384ACF3ABA}.Release|Any CPU.Build.0 = Release|Any CPU
		{43B23E93-1CF6-4ECD-9255-39987C1E4426}.Debug|Any CPU.ActiveCfg = Debug|Any CPU
		{43B23E93-1CF6-4ECD-9255-39987C1E4426}.Debug|Any CPU.Build.0 = Debug|Any CPU
		{43B23E93-1CF6-4ECD-9255-39987C1E4426}.Release|Any CPU.ActiveCfg = Release|Any CPU
		{43B23E93-1CF6-4ECD-9255-39987C1E4426}.Release|Any CPU.Build.0 = Release|Any CPU
		{A76D41D5-34B0-4271-8404-E3243295A46A}.Debug|Any CPU.ActiveCfg = Debug|Any CPU
		{A76D41D5-34B0-4271-8404-E3243295A46A}.Debug|Any CPU.Build.0 = Debug|Any CPU
		{A76D41D5-34B0-4271-8404-E3243295A46A}.Release|Any CPU.ActiveCfg = Release|Any CPU
		{A76D41D5-34B0-4271-8404-E3243295A46A}.Release|Any CPU.Build.0 = Release|Any CPU
		{799BA0FF-2249-44A6-A15A-8245BA8A658E}.Debug|Any CPU.ActiveCfg = Debug|Any CPU
		{799BA0FF-2249-44A6-A15A-8245BA8A658E}.Debug|Any CPU.Build.0 = Debug|Any CPU
		{799BA0FF-2249-44A6-A15A-8245BA8A658E}.Release|Any CPU.ActiveCfg = Release|Any CPU
		{799BA0FF-2249-44A6-A15A-8245BA8A658E}.Release|Any CPU.Build.0 = Release|Any CPU
		{69AFCDDB-98F8-4DF6-8544-6F95A57B92B8}.Debug|Any CPU.ActiveCfg = Debug|Any CPU
		{69AFCDDB-98F8-4DF6-8544-6F95A57B92B8}.Debug|Any CPU.Build.0 = Debug|Any CPU
		{69AFCDDB-98F8-4DF6-8544-6F95A57B92B8}.Release|Any CPU.ActiveCfg = Release|Any CPU
		{69AFCDDB-98F8-4DF6-8544-6F95A57B92B8}.Release|Any CPU.Build.0 = Release|Any CPU
		{8FF7024C-A819-475E-AC4B-A5AA4B6512D1}.Debug|Any CPU.ActiveCfg = Debug|Any CPU
		{8FF7024C-A819-475E-AC4B-A5AA4B6512D1}.Debug|Any CPU.Build.0 = Debug|Any CPU
		{8FF7024C-A819-475E-AC4B-A5AA4B6512D1}.Release|Any CPU.ActiveCfg = Release|Any CPU
		{8FF7024C-A819-475E-AC4B-A5AA4B6512D1}.Release|Any CPU.Build.0 = Release|Any CPU
		{42958B9E-10F5-446F-BC13-DFC199C151CB}.Debug|Any CPU.ActiveCfg = Debug|Any CPU
		{42958B9E-10F5-446F-BC13-DFC199C151CB}.Debug|Any CPU.Build.0 = Debug|Any CPU
		{42958B9E-10F5-446F-BC13-DFC199C151CB}.Release|Any CPU.ActiveCfg = Release|Any CPU
		{42958B9E-10F5-446F-BC13-DFC199C151CB}.Release|Any CPU.Build.0 = Release|Any CPU
		{22B046B9-995A-4F02-9192-DC48FEE33D16}.Debug|Any CPU.ActiveCfg = Debug|Any CPU
		{22B046B9-995A-4F02-9192-DC48FEE33D16}.Debug|Any CPU.Build.0 = Debug|Any CPU
		{22B046B9-995A-4F02-9192-DC48FEE33D16}.Release|Any CPU.ActiveCfg = Release|Any CPU
		{22B046B9-995A-4F02-9192-DC48FEE33D16}.Release|Any CPU.Build.0 = Release|Any CPU
		{ADD2568A-8763-4221-9DE7-1ED31D425685}.Debug|Any CPU.ActiveCfg = Debug|Any CPU
		{ADD2568A-8763-4221-9DE7-1ED31D425685}.Debug|Any CPU.Build.0 = Debug|Any CPU
		{ADD2568A-8763-4221-9DE7-1ED31D425685}.Release|Any CPU.ActiveCfg = Release|Any CPU
		{ADD2568A-8763-4221-9DE7-1ED31D425685}.Release|Any CPU.Build.0 = Release|Any CPU
		{5C37186C-C31A-499F-A4F2-62C8E8A7BC3E}.Debug|Any CPU.ActiveCfg = Debug|Any CPU
		{5C37186C-C31A-499F-A4F2-62C8E8A7BC3E}.Debug|Any CPU.Build.0 = Debug|Any CPU
		{5C37186C-C31A-499F-A4F2-62C8E8A7BC3E}.Release|Any CPU.ActiveCfg = Release|Any CPU
		{5C37186C-C31A-499F-A4F2-62C8E8A7BC3E}.Release|Any CPU.Build.0 = Release|Any CPU
		{D8C876A6-5855-46AF-B731-E2687953FFE9}.Debug|Any CPU.ActiveCfg = Debug|Any CPU
		{D8C876A6-5855-46AF-B731-E2687953FFE9}.Debug|Any CPU.Build.0 = Debug|Any CPU
		{D8C876A6-5855-46AF-B731-E2687953FFE9}.Release|Any CPU.ActiveCfg = Release|Any CPU
		{D8C876A6-5855-46AF-B731-E2687953FFE9}.Release|Any CPU.Build.0 = Release|Any CPU
		{49BDDEFE-D76B-446B-B8E3-6AF18A8EFAF0}.Debug|Any CPU.ActiveCfg = Debug|Any CPU
		{49BDDEFE-D76B-446B-B8E3-6AF18A8EFAF0}.Debug|Any CPU.Build.0 = Debug|Any CPU
		{49BDDEFE-D76B-446B-B8E3-6AF18A8EFAF0}.Release|Any CPU.ActiveCfg = Release|Any CPU
		{49BDDEFE-D76B-446B-B8E3-6AF18A8EFAF0}.Release|Any CPU.Build.0 = Release|Any CPU
		{737F8D6A-4D0D-4D9B-9B12-CAC715825A04}.Debug|Any CPU.ActiveCfg = Debug|Any CPU
		{737F8D6A-4D0D-4D9B-9B12-CAC715825A04}.Debug|Any CPU.Build.0 = Debug|Any CPU
		{737F8D6A-4D0D-4D9B-9B12-CAC715825A04}.Release|Any CPU.ActiveCfg = Release|Any CPU
		{737F8D6A-4D0D-4D9B-9B12-CAC715825A04}.Release|Any CPU.Build.0 = Release|Any CPU
	EndGlobalSection
	GlobalSection(SolutionProperties) = preSolution
		HideSolutionNode = FALSE
	EndGlobalSection
	GlobalSection(NestedProjects) = preSolution
		{0E5BD16E-ABC3-4403-8AF5-EAC5E2F8D445} = {63913CA9-386F-4F2F-87D0-4F8039365B9F}
		{798BD6BB-6332-4EAD-977A-857DFE6578EC} = {63913CA9-386F-4F2F-87D0-4F8039365B9F}
		{A7FBD2FA-DD08-4844-A131-2D384ACF3ABA} = {63913CA9-386F-4F2F-87D0-4F8039365B9F}
		{43B23E93-1CF6-4ECD-9255-39987C1E4426} = {69F10A57-F30B-421C-9A6C-B0F92E083EA7}
		{A76D41D5-34B0-4271-8404-E3243295A46A} = {69F10A57-F30B-421C-9A6C-B0F92E083EA7}
		{799BA0FF-2249-44A6-A15A-8245BA8A658E} = {69F10A57-F30B-421C-9A6C-B0F92E083EA7}
		{69AFCDDB-98F8-4DF6-8544-6F95A57B92B8} = {663FDD6B-4763-4C2B-B7A3-CEB3FB92503B}
		{8FF7024C-A819-475E-AC4B-A5AA4B6512D1} = {663FDD6B-4763-4C2B-B7A3-CEB3FB92503B}
		{42958B9E-10F5-446F-BC13-DFC199C151CB} = {663FDD6B-4763-4C2B-B7A3-CEB3FB92503B}
		{22B046B9-995A-4F02-9192-DC48FEE33D16} = {1AB8FF7F-4AD2-4A62-B61F-37B5C197067A}
		{ADD2568A-8763-4221-9DE7-1ED31D425685} = {1AB8FF7F-4AD2-4A62-B61F-37B5C197067A}
		{5C37186C-C31A-499F-A4F2-62C8E8A7BC3E} = {1AB8FF7F-4AD2-4A62-B61F-37B5C197067A}
		{D8C876A6-5855-46AF-B731-E2687953FFE9} = {50E229C2-8D7B-4593-AED5-714AAE241536}
		{49BDDEFE-D76B-446B-B8E3-6AF18A8EFAF0} = {50E229C2-8D7B-4593-AED5-714AAE241536}
		{737F8D6A-4D0D-4D9B-9B12-CAC715825A04} = {50E229C2-8D7B-4593-AED5-714AAE241536}
	EndGlobalSection
	GlobalSection(ExtensibilityGlobals) = postSolution
		SolutionGuid = {33285C71-B6C1-4EC5-A535-466781F5140B}
	EndGlobalSection
EndGlobal
